
Microsoft Visual Studio Solution File, Format Version 12.00
# Visual Studio Version 16
VisualStudioVersion = 16.0.31005.135
MinimumVisualStudioVersion = 10.0.40219.1
Project("{9A19103F-16F7-4668-BE54-9A1E7A4F7556}") = "ClientApp", "ClientApp\ClientApp.csproj", "{C31CA606-3DBC-42D2-9247-BCB8F3DFB10A}"
EndProject
Project("{9A19103F-16F7-4668-BE54-9A1E7A4F7556}") = "LocalApp", "LocalApp\LocalApp.csproj", "{26517F56-811F-45D2-99DD-66C15D1B1B11}"
EndProject
Project("{9A19103F-16F7-4668-BE54-9A1E7A4F7556}") = "RBOClientLib", "RBOClientLib\RBOClientLib.csproj", "{C69F57CF-B37E-4B38-A611-2C061D36B1C9}"
EndProject
Project("{9A19103F-16F7-4668-BE54-9A1E7A4F7556}") = "RBOLib", "RBOLib\RBOLib.csproj", "{0751D5D9-1361-4030-A40D-7BE1B8A00035}"
EndProject
Project("{9A19103F-16F7-4668-BE54-9A1E7A4F7556}") = "RBOLib.Test", "RBOLib.Test\RBOLib.Test.csproj", "{793708E4-9095-4259-BE4F-B7303A2E3A7E}"
EndProject
Project("{9A19103F-16F7-4668-BE54-9A1E7A4F7556}") = "RBOService", "RBOService\RBOService.csproj", "{C6205BA7-1F6F-4BDA-9D9C-61328CC56656}"
EndProject
Project("{9A19103F-16F7-4668-BE54-9A1E7A4F7556}") = "RBOService.Test", "RBOService.Test\RBOService.Test.csproj", "{DEE5B215-2D6C-4AD9-992A-A64B4A46D9B4}"
EndProject
Project("{2150E333-8FDC-42A3-9474-1A3956D46DE8}") = "Solution Items", "Solution Items", "{4873FCDB-1CC6-4DA7-B421-3A6116AB22D9}"
	ProjectSection(SolutionItems) = preProject
		RBOInitialization_drawing.jpg = RBOInitialization_drawing.jpg
		Readme.md = Readme.md
	EndProjectSection
EndProject
Global
	GlobalSection(SolutionConfigurationPlatforms) = preSolution
		Debug|Any CPU = Debug|Any CPU
		Release|Any CPU = Release|Any CPU
	EndGlobalSection
	GlobalSection(ProjectConfigurationPlatforms) = postSolution
		{C31CA606-3DBC-42D2-9247-BCB8F3DFB10A}.Debug|Any CPU.ActiveCfg = Debug|Any CPU
		{C31CA606-3DBC-42D2-9247-BCB8F3DFB10A}.Debug|Any CPU.Build.0 = Debug|Any CPU
		{C31CA606-3DBC-42D2-9247-BCB8F3DFB10A}.Release|Any CPU.ActiveCfg = Release|Any CPU
		{C31CA606-3DBC-42D2-9247-BCB8F3DFB10A}.Release|Any CPU.Build.0 = Release|Any CPU
		{26517F56-811F-45D2-99DD-66C15D1B1B11}.Debug|Any CPU.ActiveCfg = Debug|Any CPU
		{26517F56-811F-45D2-99DD-66C15D1B1B11}.Debug|Any CPU.Build.0 = Debug|Any CPU
		{26517F56-811F-45D2-99DD-66C15D1B1B11}.Release|Any CPU.ActiveCfg = Release|Any CPU
		{26517F56-811F-45D2-99DD-66C15D1B1B11}.Release|Any CPU.Build.0 = Release|Any CPU
		{C69F57CF-B37E-4B38-A611-2C061D36B1C9}.Debug|Any CPU.ActiveCfg = Debug|Any CPU
		{C69F57CF-B37E-4B38-A611-2C061D36B1C9}.Debug|Any CPU.Build.0 = Debug|Any CPU
		{C69F57CF-B37E-4B38-A611-2C061D36B1C9}.Release|Any CPU.ActiveCfg = Release|Any CPU
		{C69F57CF-B37E-4B38-A611-2C061D36B1C9}.Release|Any CPU.Build.0 = Release|Any CPU
		{0751D5D9-1361-4030-A40D-7BE1B8A00035}.Debug|Any CPU.ActiveCfg = Debug|Any CPU
		{0751D5D9-1361-4030-A40D-7BE1B8A00035}.Debug|Any CPU.Build.0 = Debug|Any CPU
		{0751D5D9-1361-4030-A40D-7BE1B8A00035}.Release|Any CPU.ActiveCfg = Release|Any CPU
		{0751D5D9-1361-4030-A40D-7BE1B8A00035}.Release|Any CPU.Build.0 = Release|Any CPU
		{793708E4-9095-4259-BE4F-B7303A2E3A7E}.Debug|Any CPU.ActiveCfg = Debug|Any CPU
		{793708E4-9095-4259-BE4F-B7303A2E3A7E}.Debug|Any CPU.Build.0 = Debug|Any CPU
		{793708E4-9095-4259-BE4F-B7303A2E3A7E}.Release|Any CPU.ActiveCfg = Release|Any CPU
		{793708E4-9095-4259-BE4F-B7303A2E3A7E}.Release|Any CPU.Build.0 = Release|Any CPU
		{C6205BA7-1F6F-4BDA-9D9C-61328CC56656}.Debug|Any CPU.ActiveCfg = Debug|Any CPU
		{C6205BA7-1F6F-4BDA-9D9C-61328CC56656}.Debug|Any CPU.Build.0 = Debug|Any CPU
		{C6205BA7-1F6F-4BDA-9D9C-61328CC56656}.Release|Any CPU.ActiveCfg = Release|Any CPU
		{C6205BA7-1F6F-4BDA-9D9C-61328CC56656}.Release|Any CPU.Build.0 = Release|Any CPU
		{DEE5B215-2D6C-4AD9-992A-A64B4A46D9B4}.Debug|Any CPU.ActiveCfg = Debug|Any CPU
		{DEE5B215-2D6C-4AD9-992A-A64B4A46D9B4}.Debug|Any CPU.Build.0 = Debug|Any CPU
		{DEE5B215-2D6C-4AD9-992A-A64B4A46D9B4}.Release|Any CPU.ActiveCfg = Release|Any CPU
		{DEE5B215-2D6C-4AD9-992A-A64B4A46D9B4}.Release|Any CPU.Build.0 = Release|Any CPU
	EndGlobalSection
	GlobalSection(SolutionProperties) = preSolution
		HideSolutionNode = FALSE
	EndGlobalSection
	GlobalSection(ExtensibilityGlobals) = postSolution
		SolutionGuid = {9CA222C3-EAEA-43C3-BA96-8DB5301E0C24}
	EndGlobalSection
EndGlobal
